
Microsoft Visual Studio Solution File, Format Version 12.00
# Visual Studio Version 16
VisualStudioVersion = 16.0.31424.327
MinimumVisualStudioVersion = 10.0.40219.1
Project("{FAE04EC0-301F-11D3-BF4B-00C04F79EFBC}") = "Practica_Examen_BD2", "Practica_Examen_BD2\Practica_Examen_BD2.csproj", "{E80E6890-A573-4603-975B-A06F7A6CD131}"
EndProject
Global
	GlobalSection(SolutionConfigurationPlatforms) = preSolution
		Debug|Any CPU = Debug|Any CPU
		Release|Any CPU = Release|Any CPU
	EndGlobalSection
	GlobalSection(ProjectConfigurationPlatforms) = postSolution
		{E80E6890-A573-4603-975B-A06F7A6CD131}.Debug|Any CPU.ActiveCfg = Debug|Any CPU
		{E80E6890-A573-4603-975B-A06F7A6CD131}.Debug|Any CPU.Build.0 = Debug|Any CPU
		{E80E6890-A573-4603-975B-A06F7A6CD131}.Release|Any CPU.ActiveCfg = Release|Any CPU
		{E80E6890-A573-4603-975B-A06F7A6CD131}.Release|Any CPU.Build.0 = Release|Any CPU
	EndGlobalSection
	GlobalSection(SolutionProperties) = preSolution
		HideSolutionNode = FALSE
	EndGlobalSection
	GlobalSection(ExtensibilityGlobals) = postSolution
		SolutionGuid = {09950ED7-FA00-4C16-9CC1-835C74872D36}
	EndGlobalSection
EndGlobal
